
Microsoft Visual Studio Solution File, Format Version 12.00
# Visual Studio Version 16
VisualStudioVersion = 16.0.32002.261
MinimumVisualStudioVersion = 10.0.40219.1
Project("{FAE04EC0-301F-11D3-BF4B-00C04F79EFBC}") = "CoreAPI", "CoreAPI.csproj", "{73CD7480-A69B-49B2-8265-1940B2EC4AC7}"
EndProject
Global
	GlobalSection(SolutionConfigurationPlatforms) = preSolution
		Debug|Any CPU = Debug|Any CPU
		Release|Any CPU = Release|Any CPU
	EndGlobalSection
	GlobalSection(ProjectConfigurationPlatforms) = postSolution
		{73CD7480-A69B-49B2-8265-1940B2EC4AC7}.Debug|Any CPU.ActiveCfg = Debug|Any CPU
		{73CD7480-A69B-49B2-8265-1940B2EC4AC7}.Debug|Any CPU.Build.0 = Debug|Any CPU
		{73CD7480-A69B-49B2-8265-1940B2EC4AC7}.Release|Any CPU.ActiveCfg = Release|Any CPU
		{73CD7480-A69B-49B2-8265-1940B2EC4AC7}.Release|Any CPU.Build.0 = Release|Any CPU
	EndGlobalSection
	GlobalSection(SolutionProperties) = preSolution
		HideSolutionNode = FALSE
	EndGlobalSection
	GlobalSection(ExtensibilityGlobals) = postSolution
		SolutionGuid = {E8194C76-9222-4FFE-A6BD-8DDC2CD2B2F8}
	EndGlobalSection
EndGlobal
